
Microsoft Visual Studio Solution File, Format Version 12.00
# Visual Studio Version 16
VisualStudioVersion = 16.0.28922.388
MinimumVisualStudioVersion = 10.0.40219.1
Project("{FAE04EC0-301F-11D3-BF4B-00C04F79EFBC}") = "DietAndFitness.Android", "DietAndFitness\DietAndFitness.Android\DietAndFitness.Android.csproj", "{274A775A-1EAB-4E6E-AD16-F530CD940262}"
EndProject
Project("{FAE04EC0-301F-11D3-BF4B-00C04F79EFBC}") = "DietAndFitness.iOS", "DietAndFitness\DietAndFitness.iOS\DietAndFitness.iOS.csproj", "{1833A1CB-A619-4EBE-870B-ADB99838FFC8}"
EndProject
Project("{FAE04EC0-301F-11D3-BF4B-00C04F79EFBC}") = "DietAndFitness.UWP", "DietAndFitness\DietAndFitness.UWP\DietAndFitness.UWP.csproj", "{3D3D6B89-4F38-4975-B868-4F1BACF0D2DF}"
EndProject
Project("{9A19103F-16F7-4668-BE54-9A1E7A4F7556}") = "DietAndFitness", "DietAndFitness\DietAndFitness\DietAndFitness.csproj", "{A84F6333-437A-4357-90E8-2AD4E4305E1B}"
EndProject
Project("{9A19103F-16F7-4668-BE54-9A1E7A4F7556}") = "DbConfig", "DbConfig\DbConfig.csproj", "{964B8E44-6586-4102-B773-52182641F898}"
EndProject
Project("{FAE04EC0-301F-11D3-BF4B-00C04F79EFBC}") = "DietAndFitness.Core", "DietAndFitness.Core\DietAndFitness.Core.csproj", "{0B8DD4A0-6059-4956-A3AC-593216E85A24}"
EndProject
Global
	GlobalSection(SolutionConfigurationPlatforms) = preSolution
		Ad-Hoc|Any CPU = Ad-Hoc|Any CPU
		Ad-Hoc|ARM = Ad-Hoc|ARM
		Ad-Hoc|iPhone = Ad-Hoc|iPhone
		Ad-Hoc|iPhoneSimulator = Ad-Hoc|iPhoneSimulator
		Ad-Hoc|x64 = Ad-Hoc|x64
		Ad-Hoc|x86 = Ad-Hoc|x86
		AppStore|Any CPU = AppStore|Any CPU
		AppStore|ARM = AppStore|ARM
		AppStore|iPhone = AppStore|iPhone
		AppStore|iPhoneSimulator = AppStore|iPhoneSimulator
		AppStore|x64 = AppStore|x64
		AppStore|x86 = AppStore|x86
		Debug|Any CPU = Debug|Any CPU
		Debug|ARM = Debug|ARM
		Debug|iPhone = Debug|iPhone
		Debug|iPhoneSimulator = Debug|iPhoneSimulator
		Debug|x64 = Debug|x64
		Debug|x86 = Debug|x86
		Release|Any CPU = Release|Any CPU
		Release|ARM = Release|ARM
		Release|iPhone = Release|iPhone
		Release|iPhoneSimulator = Release|iPhoneSimulator
		Release|x64 = Release|x64
		Release|x86 = Release|x86
	EndGlobalSection
	GlobalSection(ProjectConfigurationPlatforms) = postSolution
		{274A775A-1EAB-4E6E-AD16-F530CD940262}.Ad-Hoc|Any CPU.ActiveCfg = Release|Any CPU
		{274A775A-1EAB-4E6E-AD16-F530CD940262}.Ad-Hoc|Any CPU.Build.0 = Release|Any CPU
		{274A775A-1EAB-4E6E-AD16-F530CD940262}.Ad-Hoc|Any CPU.Deploy.0 = Release|Any CPU
		{274A775A-1EAB-4E6E-AD16-F530CD940262}.Ad-Hoc|ARM.ActiveCfg = Release|Any CPU
		{274A775A-1EAB-4E6E-AD16-F530CD940262}.Ad-Hoc|ARM.Build.0 = Release|Any CPU
		{274A775A-1EAB-4E6E-AD16-F530CD940262}.Ad-Hoc|ARM.Deploy.0 = Release|Any CPU
		{274A775A-1EAB-4E6E-AD16-F530CD940262}.Ad-Hoc|iPhone.ActiveCfg = Release|Any CPU
		{274A775A-1EAB-4E6E-AD16-F530CD940262}.Ad-Hoc|iPhone.Build.0 = Release|Any CPU
		{274A775A-1EAB-4E6E-AD16-F530CD940262}.Ad-Hoc|iPhone.Deploy.0 = Release|Any CPU
		{274A775A-1EAB-4E6E-AD16-F530CD940262}.Ad-Hoc|iPhoneSimulator.ActiveCfg = Release|Any CPU
		{274A775A-1EAB-4E6E-AD16-F530CD940262}.Ad-Hoc|iPhoneSimulator.Build.0 = Release|Any CPU
		{274A775A-1EAB-4E6E-AD16-F530CD940262}.Ad-Hoc|iPhoneSimulator.Deploy.0 = Release|Any CPU
		{274A775A-1EAB-4E6E-AD16-F530CD940262}.Ad-Hoc|x64.ActiveCfg = Release|Any CPU
		{274A775A-1EAB-4E6E-AD16-F530CD940262}.Ad-Hoc|x64.Build.0 = Release|Any CPU
		{274A775A-1EAB-4E6E-AD16-F530CD940262}.Ad-Hoc|x64.Deploy.0 = Release|Any CPU
		{274A775A-1EAB-4E6E-AD16-F530CD940262}.Ad-Hoc|x86.ActiveCfg = Release|Any CPU
		{274A775A-1EAB-4E6E-AD16-F530CD940262}.Ad-Hoc|x86.Build.0 = Release|Any CPU
		{274A775A-1EAB-4E6E-AD16-F530CD940262}.Ad-Hoc|x86.Deploy.0 = Release|Any CPU
		{274A775A-1EAB-4E6E-AD16-F530CD940262}.AppStore|Any CPU.ActiveCfg = Release|Any CPU
		{274A775A-1EAB-4E6E-AD16-F530CD940262}.AppStore|Any CPU.Build.0 = Release|Any CPU
		{274A775A-1EAB-4E6E-AD16-F530CD940262}.AppStore|Any CPU.Deploy.0 = Release|Any CPU
		{274A775A-1EAB-4E6E-AD16-F530CD940262}.AppStore|ARM.ActiveCfg = Release|Any CPU
		{274A775A-1EAB-4E6E-AD16-F530CD940262}.AppStore|ARM.Build.0 = Release|Any CPU
		{274A775A-1EAB-4E6E-AD16-F530CD940262}.AppStore|ARM.Deploy.0 = Release|Any CPU
		{274A775A-1EAB-4E6E-AD16-F530CD940262}.AppStore|iPhone.ActiveCfg = Release|Any CPU
		{274A775A-1EAB-4E6E-AD16-F530CD940262}.AppStore|iPhone.Build.0 = Release|Any CPU
		{274A775A-1EAB-4E6E-AD16-F530CD940262}.AppStore|iPhone.Deploy.0 = Release|Any CPU
		{274A775A-1EAB-4E6E-AD16-F530CD940262}.AppStore|iPhoneSimulator.ActiveCfg = Release|Any CPU
		{274A775A-1EAB-4E6E-AD16-F530CD940262}.AppStore|iPhoneSimulator.Build.0 = Release|Any CPU
		{274A775A-1EAB-4E6E-AD16-F530CD940262}.AppStore|iPhoneSimulator.Deploy.0 = Release|Any CPU
		{274A775A-1EAB-4E6E-AD16-F530CD940262}.AppStore|x64.ActiveCfg = Release|Any CPU
		{274A775A-1EAB-4E6E-AD16-F530CD940262}.AppStore|x64.Build.0 = Release|Any CPU
		{274A775A-1EAB-4E6E-AD16-F530CD940262}.AppStore|x64.Deploy.0 = Release|Any CPU
		{274A775A-1EAB-4E6E-AD16-F530CD940262}.AppStore|x86.ActiveCfg = Release|Any CPU
		{274A775A-1EAB-4E6E-AD16-F530CD940262}.AppStore|x86.Build.0 = Release|Any CPU
		{274A775A-1EAB-4E6E-AD16-F530CD940262}.AppStore|x86.Deploy.0 = Release|Any CPU
		{274A775A-1EAB-4E6E-AD16-F530CD940262}.Debug|Any CPU.ActiveCfg = Debug|Any CPU
		{274A775A-1EAB-4E6E-AD16-F530CD940262}.Debug|Any CPU.Build.0 = Debug|Any CPU
		{274A775A-1EAB-4E6E-AD16-F530CD940262}.Debug|Any CPU.Deploy.0 = Debug|Any CPU
		{274A775A-1EAB-4E6E-AD16-F530CD940262}.Debug|ARM.ActiveCfg = Debug|Any CPU
		{274A775A-1EAB-4E6E-AD16-F530CD940262}.Debug|ARM.Build.0 = Debug|Any CPU
		{274A775A-1EAB-4E6E-AD16-F530CD940262}.Debug|ARM.Deploy.0 = Debug|Any CPU
		{274A775A-1EAB-4E6E-AD16-F530CD940262}.Debug|iPhone.ActiveCfg = Debug|Any CPU
		{274A775A-1EAB-4E6E-AD16-F530CD940262}.Debug|iPhone.Build.0 = Debug|Any CPU
		{274A775A-1EAB-4E6E-AD16-F530CD940262}.Debug|iPhone.Deploy.0 = Debug|Any CPU
		{274A775A-1EAB-4E6E-AD16-F530CD940262}.Debug|iPhoneSimulator.ActiveCfg = Debug|Any CPU
		{274A775A-1EAB-4E6E-AD16-F530CD940262}.Debug|iPhoneSimulator.Build.0 = Debug|Any CPU
		{274A775A-1EAB-4E6E-AD16-F530CD940262}.Debug|iPhoneSimulator.Deploy.0 = Debug|Any CPU
		{274A775A-1EAB-4E6E-AD16-F530CD940262}.Debug|x64.ActiveCfg = Debug|Any CPU
		{274A775A-1EAB-4E6E-AD16-F530CD940262}.Debug|x64.Build.0 = Debug|Any CPU
		{274A775A-1EAB-4E6E-AD16-F530CD940262}.Debug|x64.Deploy.0 = Debug|Any CPU
		{274A775A-1EAB-4E6E-AD16-F530CD940262}.Debug|x86.ActiveCfg = Debug|Any CPU
		{274A775A-1EAB-4E6E-AD16-F530CD940262}.Debug|x86.Build.0 = Debug|Any CPU
		{274A775A-1EAB-4E6E-AD16-F530CD940262}.Debug|x86.Deploy.0 = Debug|Any CPU
		{274A775A-1EAB-4E6E-AD16-F530CD940262}.Release|Any CPU.ActiveCfg = Release|Any CPU
		{274A775A-1EAB-4E6E-AD16-F530CD940262}.Release|Any CPU.Build.0 = Release|Any CPU
		{274A775A-1EAB-4E6E-AD16-F530CD940262}.Release|Any CPU.Deploy.0 = Release|Any CPU
		{274A775A-1EAB-4E6E-AD16-F530CD940262}.Release|ARM.ActiveCfg = Release|Any CPU
		{274A775A-1EAB-4E6E-AD16-F530CD940262}.Release|ARM.Build.0 = Release|Any CPU
		{274A775A-1EAB-4E6E-AD16-F530CD940262}.Release|ARM.Deploy.0 = Release|Any CPU
		{274A775A-1EAB-4E6E-AD16-F530CD940262}.Release|iPhone.ActiveCfg = Release|Any CPU
		{274A775A-1EAB-4E6E-AD16-F530CD940262}.Release|iPhone.Build.0 = Release|Any CPU
		{274A775A-1EAB-4E6E-AD16-F530CD940262}.Release|iPhone.Deploy.0 = Release|Any CPU
		{274A775A-1EAB-4E6E-AD16-F530CD940262}.Release|iPhoneSimulator.ActiveCfg = Release|Any CPU
		{274A775A-1EAB-4E6E-AD16-F530CD940262}.Release|iPhoneSimulator.Build.0 = Release|Any CPU
		{274A775A-1EAB-4E6E-AD16-F530CD940262}.Release|iPhoneSimulator.Deploy.0 = Release|Any CPU
		{274A775A-1EAB-4E6E-AD16-F530CD940262}.Release|x64.ActiveCfg = Release|Any CPU
		{274A775A-1EAB-4E6E-AD16-F530CD940262}.Release|x64.Build.0 = Release|Any CPU
		{274A775A-1EAB-4E6E-AD16-F530CD940262}.Release|x64.Deploy.0 = Release|Any CPU
		{274A775A-1EAB-4E6E-AD16-F530CD940262}.Release|x86.ActiveCfg = Release|Any CPU
		{274A775A-1EAB-4E6E-AD16-F530CD940262}.Release|x86.Build.0 = Release|Any CPU
		{274A775A-1EAB-4E6E-AD16-F530CD940262}.Release|x86.Deploy.0 = Release|Any CPU
		{1833A1CB-A619-4EBE-870B-ADB99838FFC8}.Ad-Hoc|Any CPU.ActiveCfg = Ad-Hoc|iPhone
		{1833A1CB-A619-4EBE-870B-ADB99838FFC8}.Ad-Hoc|ARM.ActiveCfg = Ad-Hoc|iPhone
		{1833A1CB-A619-4EBE-870B-ADB99838FFC8}.Ad-Hoc|iPhone.ActiveCfg = Ad-Hoc|iPhone
		{1833A1CB-A619-4EBE-870B-ADB99838FFC8}.Ad-Hoc|iPhone.Build.0 = Ad-Hoc|iPhone
		{1833A1CB-A619-4EBE-870B-ADB99838FFC8}.Ad-Hoc|iPhoneSimulator.ActiveCfg = Ad-Hoc|iPhoneSimulator
		{1833A1CB-A619-4EBE-870B-ADB99838FFC8}.Ad-Hoc|iPhoneSimulator.Build.0 = Ad-Hoc|iPhoneSimulator
		{1833A1CB-A619-4EBE-870B-ADB99838FFC8}.Ad-Hoc|x64.ActiveCfg = Ad-Hoc|iPhone
		{1833A1CB-A619-4EBE-870B-ADB99838FFC8}.Ad-Hoc|x86.ActiveCfg = Ad-Hoc|iPhone
		{1833A1CB-A619-4EBE-870B-ADB99838FFC8}.AppStore|Any CPU.ActiveCfg = AppStore|iPhone
		{1833A1CB-A619-4EBE-870B-ADB99838FFC8}.AppStore|ARM.ActiveCfg = AppStore|iPhone
		{1833A1CB-A619-4EBE-870B-ADB99838FFC8}.AppStore|iPhone.ActiveCfg = AppStore|iPhone
		{1833A1CB-A619-4EBE-870B-ADB99838FFC8}.AppStore|iPhone.Build.0 = AppStore|iPhone
		{1833A1CB-A619-4EBE-870B-ADB99838FFC8}.AppStore|iPhoneSimulator.ActiveCfg = AppStore|iPhoneSimulator
		{1833A1CB-A619-4EBE-870B-ADB99838FFC8}.AppStore|iPhoneSimulator.Build.0 = AppStore|iPhoneSimulator
		{1833A1CB-A619-4EBE-870B-ADB99838FFC8}.AppStore|x64.ActiveCfg = AppStore|iPhone
		{1833A1CB-A619-4EBE-870B-ADB99838FFC8}.AppStore|x86.ActiveCfg = AppStore|iPhone
		{1833A1CB-A619-4EBE-870B-ADB99838FFC8}.Debug|Any CPU.ActiveCfg = Debug|iPhone
		{1833A1CB-A619-4EBE-870B-ADB99838FFC8}.Debug|ARM.ActiveCfg = Debug|iPhone
		{1833A1CB-A619-4EBE-870B-ADB99838FFC8}.Debug|iPhone.ActiveCfg = Debug|iPhone
		{1833A1CB-A619-4EBE-870B-ADB99838FFC8}.Debug|iPhone.Build.0 = Debug|iPhone
		{1833A1CB-A619-4EBE-870B-ADB99838FFC8}.Debug|iPhoneSimulator.ActiveCfg = Debug|iPhoneSimulator
		{1833A1CB-A619-4EBE-870B-ADB99838FFC8}.Debug|iPhoneSimulator.Build.0 = Debug|iPhoneSimulator
		{1833A1CB-A619-4EBE-870B-ADB99838FFC8}.Debug|x64.ActiveCfg = Debug|iPhone
		{1833A1CB-A619-4EBE-870B-ADB99838FFC8}.Debug|x86.ActiveCfg = Debug|iPhone
		{1833A1CB-A619-4EBE-870B-ADB99838FFC8}.Release|Any CPU.ActiveCfg = Release|iPhone
		{1833A1CB-A619-4EBE-870B-ADB99838FFC8}.Release|ARM.ActiveCfg = Release|iPhone
		{1833A1CB-A619-4EBE-870B-ADB99838FFC8}.Release|iPhone.ActiveCfg = Release|iPhone
		{1833A1CB-A619-4EBE-870B-ADB99838FFC8}.Release|iPhone.Build.0 = Release|iPhone
		{1833A1CB-A619-4EBE-870B-ADB99838FFC8}.Release|iPhoneSimulator.ActiveCfg = Release|iPhoneSimulator
		{1833A1CB-A619-4EBE-870B-ADB99838FFC8}.Release|iPhoneSimulator.Build.0 = Release|iPhoneSimulator
		{1833A1CB-A619-4EBE-870B-ADB99838FFC8}.Release|x64.ActiveCfg = Release|iPhone
		{1833A1CB-A619-4EBE-870B-ADB99838FFC8}.Release|x86.ActiveCfg = Release|iPhone
		{3D3D6B89-4F38-4975-B868-4F1BACF0D2DF}.Ad-Hoc|Any CPU.ActiveCfg = Release|x86
		{3D3D6B89-4F38-4975-B868-4F1BACF0D2DF}.Ad-Hoc|Any CPU.Build.0 = Release|x86
		{3D3D6B89-4F38-4975-B868-4F1BACF0D2DF}.Ad-Hoc|Any CPU.Deploy.0 = Release|x86
		{3D3D6B89-4F38-4975-B868-4F1BACF0D2DF}.Ad-Hoc|ARM.ActiveCfg = Release|ARM
		{3D3D6B89-4F38-4975-B868-4F1BACF0D2DF}.Ad-Hoc|ARM.Build.0 = Release|ARM
		{3D3D6B89-4F38-4975-B868-4F1BACF0D2DF}.Ad-Hoc|ARM.Deploy.0 = Release|ARM
		{3D3D6B89-4F38-4975-B868-4F1BACF0D2DF}.Ad-Hoc|iPhone.ActiveCfg = Release|x86
		{3D3D6B89-4F38-4975-B868-4F1BACF0D2DF}.Ad-Hoc|iPhone.Build.0 = Release|x86
		{3D3D6B89-4F38-4975-B868-4F1BACF0D2DF}.Ad-Hoc|iPhone.Deploy.0 = Release|x86
		{3D3D6B89-4F38-4975-B868-4F1BACF0D2DF}.Ad-Hoc|iPhoneSimulator.ActiveCfg = Release|x86
		{3D3D6B89-4F38-4975-B868-4F1BACF0D2DF}.Ad-Hoc|iPhoneSimulator.Build.0 = Release|x86
		{3D3D6B89-4F38-4975-B868-4F1BACF0D2DF}.Ad-Hoc|iPhoneSimulator.Deploy.0 = Release|x86
		{3D3D6B89-4F38-4975-B868-4F1BACF0D2DF}.Ad-Hoc|x64.ActiveCfg = Release|x64
		{3D3D6B89-4F38-4975-B868-4F1BACF0D2DF}.Ad-Hoc|x64.Build.0 = Release|x64
		{3D3D6B89-4F38-4975-B868-4F1BACF0D2DF}.Ad-Hoc|x64.Deploy.0 = Release|x64
		{3D3D6B89-4F38-4975-B868-4F1BACF0D2DF}.Ad-Hoc|x86.ActiveCfg = Release|x86
		{3D3D6B89-4F38-4975-B868-4F1BACF0D2DF}.Ad-Hoc|x86.Build.0 = Release|x86
		{3D3D6B89-4F38-4975-B868-4F1BACF0D2DF}.Ad-Hoc|x86.Deploy.0 = Release|x86
		{3D3D6B89-4F38-4975-B868-4F1BACF0D2DF}.AppStore|Any CPU.ActiveCfg = Release|x86
		{3D3D6B89-4F38-4975-B868-4F1BACF0D2DF}.AppStore|Any CPU.Build.0 = Release|x86
		{3D3D6B89-4F38-4975-B868-4F1BACF0D2DF}.AppStore|Any CPU.Deploy.0 = Release|x86
		{3D3D6B89-4F38-4975-B868-4F1BACF0D2DF}.AppStore|ARM.ActiveCfg = Release|ARM
		{3D3D6B89-4F38-4975-B868-4F1BACF0D2DF}.AppStore|ARM.Build.0 = Release|ARM
		{3D3D6B89-4F38-4975-B868-4F1BACF0D2DF}.AppStore|ARM.Deploy.0 = Release|ARM
		{3D3D6B89-4F38-4975-B868-4F1BACF0D2DF}.AppStore|iPhone.ActiveCfg = Release|x86
		{3D3D6B89-4F38-4975-B868-4F1BACF0D2DF}.AppStore|iPhone.Build.0 = Release|x86
		{3D3D6B89-4F38-4975-B868-4F1BACF0D2DF}.AppStore|iPhone.Deploy.0 = Release|x86
		{3D3D6B89-4F38-4975-B868-4F1BACF0D2DF}.AppStore|iPhoneSimulator.ActiveCfg = Release|x86
		{3D3D6B89-4F38-4975-B868-4F1BACF0D2DF}.AppStore|iPhoneSimulator.Build.0 = Release|x86
		{3D3D6B89-4F38-4975-B868-4F1BACF0D2DF}.AppStore|iPhoneSimulator.Deploy.0 = Release|x86
		{3D3D6B89-4F38-4975-B868-4F1BACF0D2DF}.AppStore|x64.ActiveCfg = Release|x64
		{3D3D6B89-4F38-4975-B868-4F1BACF0D2DF}.AppStore|x64.Build.0 = Release|x64
		{3D3D6B89-4F38-4975-B868-4F1BACF0D2DF}.AppStore|x64.Deploy.0 = Release|x64
		{3D3D6B89-4F38-4975-B868-4F1BACF0D2DF}.AppStore|x86.ActiveCfg = Release|x86
		{3D3D6B89-4F38-4975-B868-4F1BACF0D2DF}.AppStore|x86.Build.0 = Release|x86
		{3D3D6B89-4F38-4975-B868-4F1BACF0D2DF}.AppStore|x86.Deploy.0 = Release|x86
		{3D3D6B89-4F38-4975-B868-4F1BACF0D2DF}.Debug|Any CPU.ActiveCfg = Debug|x86
		{3D3D6B89-4F38-4975-B868-4F1BACF0D2DF}.Debug|Any CPU.Build.0 = Debug|x86
		{3D3D6B89-4F38-4975-B868-4F1BACF0D2DF}.Debug|Any CPU.Deploy.0 = Debug|x86
		{3D3D6B89-4F38-4975-B868-4F1BACF0D2DF}.Debug|ARM.ActiveCfg = Debug|ARM
		{3D3D6B89-4F38-4975-B868-4F1BACF0D2DF}.Debug|ARM.Build.0 = Debug|ARM
		{3D3D6B89-4F38-4975-B868-4F1BACF0D2DF}.Debug|ARM.Deploy.0 = Debug|ARM
		{3D3D6B89-4F38-4975-B868-4F1BACF0D2DF}.Debug|iPhone.ActiveCfg = Debug|x86
		{3D3D6B89-4F38-4975-B868-4F1BACF0D2DF}.Debug|iPhoneSimulator.ActiveCfg = Debug|x86
		{3D3D6B89-4F38-4975-B868-4F1BACF0D2DF}.Debug|x64.ActiveCfg = Debug|x64
		{3D3D6B89-4F38-4975-B868-4F1BACF0D2DF}.Debug|x64.Build.0 = Debug|x64
		{3D3D6B89-4F38-4975-B868-4F1BACF0D2DF}.Debug|x64.Deploy.0 = Debug|x64
		{3D3D6B89-4F38-4975-B868-4F1BACF0D2DF}.Debug|x86.ActiveCfg = Debug|x86
		{3D3D6B89-4F38-4975-B868-4F1BACF0D2DF}.Debug|x86.Build.0 = Debug|x86
		{3D3D6B89-4F38-4975-B868-4F1BACF0D2DF}.Debug|x86.Deploy.0 = Debug|x86
		{3D3D6B89-4F38-4975-B868-4F1BACF0D2DF}.Release|Any CPU.ActiveCfg = Release|x86
		{3D3D6B89-4F38-4975-B868-4F1BACF0D2DF}.Release|ARM.ActiveCfg = Release|ARM
		{3D3D6B89-4F38-4975-B868-4F1BACF0D2DF}.Release|ARM.Build.0 = Release|ARM
		{3D3D6B89-4F38-4975-B868-4F1BACF0D2DF}.Release|ARM.Deploy.0 = Release|ARM
		{3D3D6B89-4F38-4975-B868-4F1BACF0D2DF}.Release|iPhone.ActiveCfg = Release|x86
		{3D3D6B89-4F38-4975-B868-4F1BACF0D2DF}.Release|iPhoneSimulator.ActiveCfg = Release|x86
		{3D3D6B89-4F38-4975-B868-4F1BACF0D2DF}.Release|x64.ActiveCfg = Release|x64
		{3D3D6B89-4F38-4975-B868-4F1BACF0D2DF}.Release|x64.Build.0 = Release|x64
		{3D3D6B89-4F38-4975-B868-4F1BACF0D2DF}.Release|x64.Deploy.0 = Release|x64
		{3D3D6B89-4F38-4975-B868-4F1BACF0D2DF}.Release|x86.ActiveCfg = Release|x86
		{3D3D6B89-4F38-4975-B868-4F1BACF0D2DF}.Release|x86.Build.0 = Release|x86
		{3D3D6B89-4F38-4975-B868-4F1BACF0D2DF}.Release|x86.Deploy.0 = Release|x86
		{A84F6333-437A-4357-90E8-2AD4E4305E1B}.Ad-Hoc|Any CPU.ActiveCfg = Debug|Any CPU
		{A84F6333-437A-4357-90E8-2AD4E4305E1B}.Ad-Hoc|Any CPU.Build.0 = Debug|Any CPU
		{A84F6333-437A-4357-90E8-2AD4E4305E1B}.Ad-Hoc|ARM.ActiveCfg = Debug|Any CPU
		{A84F6333-437A-4357-90E8-2AD4E4305E1B}.Ad-Hoc|ARM.Build.0 = Debug|Any CPU
		{A84F6333-437A-4357-90E8-2AD4E4305E1B}.Ad-Hoc|iPhone.ActiveCfg = Debug|Any CPU
		{A84F6333-437A-4357-90E8-2AD4E4305E1B}.Ad-Hoc|iPhone.Build.0 = Debug|Any CPU
		{A84F6333-437A-4357-90E8-2AD4E4305E1B}.Ad-Hoc|iPhoneSimulator.ActiveCfg = Debug|Any CPU
		{A84F6333-437A-4357-90E8-2AD4E4305E1B}.Ad-Hoc|iPhoneSimulator.Build.0 = Debug|Any CPU
		{A84F6333-437A-4357-90E8-2AD4E4305E1B}.Ad-Hoc|x64.ActiveCfg = Debug|Any CPU
		{A84F6333-437A-4357-90E8-2AD4E4305E1B}.Ad-Hoc|x64.Build.0 = Debug|Any CPU
		{A84F6333-437A-4357-90E8-2AD4E4305E1B}.Ad-Hoc|x86.ActiveCfg = Debug|Any CPU
		{A84F6333-437A-4357-90E8-2AD4E4305E1B}.Ad-Hoc|x86.Build.0 = Debug|Any CPU
		{A84F6333-437A-4357-90E8-2AD4E4305E1B}.AppStore|Any CPU.ActiveCfg = Debug|Any CPU
		{A84F6333-437A-4357-90E8-2AD4E4305E1B}.AppStore|Any CPU.Build.0 = Debug|Any CPU
		{A84F6333-437A-4357-90E8-2AD4E4305E1B}.AppStore|ARM.ActiveCfg = Debug|Any CPU
		{A84F6333-437A-4357-90E8-2AD4E4305E1B}.AppStore|ARM.Build.0 = Debug|Any CPU
		{A84F6333-437A-4357-90E8-2AD4E4305E1B}.AppStore|iPhone.ActiveCfg = Debug|Any CPU
		{A84F6333-437A-4357-90E8-2AD4E4305E1B}.AppStore|iPhone.Build.0 = Debug|Any CPU
		{A84F6333-437A-4357-90E8-2AD4E4305E1B}.AppStore|iPhoneSimulator.ActiveCfg = Debug|Any CPU
		{A84F6333-437A-4357-90E8-2AD4E4305E1B}.AppStore|iPhoneSimulator.Build.0 = Debug|Any CPU
		{A84F6333-437A-4357-90E8-2AD4E4305E1B}.AppStore|x64.ActiveCfg = Debug|Any CPU
		{A84F6333-437A-4357-90E8-2AD4E4305E1B}.AppStore|x64.Build.0 = Debug|Any CPU
		{A84F6333-437A-4357-90E8-2AD4E4305E1B}.AppStore|x86.ActiveCfg = Debug|Any CPU
		{A84F6333-437A-4357-90E8-2AD4E4305E1B}.AppStore|x86.Build.0 = Debug|Any CPU
		{A84F6333-437A-4357-90E8-2AD4E4305E1B}.Debug|Any CPU.ActiveCfg = Debug|Any CPU
		{A84F6333-437A-4357-90E8-2AD4E4305E1B}.Debug|Any CPU.Build.0 = Debug|Any CPU
		{A84F6333-437A-4357-90E8-2AD4E4305E1B}.Debug|ARM.ActiveCfg = Debug|Any CPU
		{A84F6333-437A-4357-90E8-2AD4E4305E1B}.Debug|ARM.Build.0 = Debug|Any CPU
		{A84F6333-437A-4357-90E8-2AD4E4305E1B}.Debug|iPhone.ActiveCfg = Debug|Any CPU
		{A84F6333-437A-4357-90E8-2AD4E4305E1B}.Debug|iPhone.Build.0 = Debug|Any CPU
		{A84F6333-437A-4357-90E8-2AD4E4305E1B}.Debug|iPhoneSimulator.ActiveCfg = Debug|Any CPU
		{A84F6333-437A-4357-90E8-2AD4E4305E1B}.Debug|iPhoneSimulator.Build.0 = Debug|Any CPU
		{A84F6333-437A-4357-90E8-2AD4E4305E1B}.Debug|x64.ActiveCfg = Debug|Any CPU
		{A84F6333-437A-4357-90E8-2AD4E4305E1B}.Debug|x64.Build.0 = Debug|Any CPU
		{A84F6333-437A-4357-90E8-2AD4E4305E1B}.Debug|x86.ActiveCfg = Debug|Any CPU
		{A84F6333-437A-4357-90E8-2AD4E4305E1B}.Debug|x86.Build.0 = Debug|Any CPU
		{A84F6333-437A-4357-90E8-2AD4E4305E1B}.Release|Any CPU.ActiveCfg = Release|Any CPU
		{A84F6333-437A-4357-90E8-2AD4E4305E1B}.Release|Any CPU.Build.0 = Release|Any CPU
		{A84F6333-437A-4357-90E8-2AD4E4305E1B}.Release|ARM.ActiveCfg = Release|Any CPU
		{A84F6333-437A-4357-90E8-2AD4E4305E1B}.Release|ARM.Build.0 = Release|Any CPU
		{A84F6333-437A-4357-90E8-2AD4E4305E1B}.Release|iPhone.ActiveCfg = Release|Any CPU
		{A84F6333-437A-4357-90E8-2AD4E4305E1B}.Release|iPhone.Build.0 = Release|Any CPU
		{A84F6333-437A-4357-90E8-2AD4E4305E1B}.Release|iPhoneSimulator.ActiveCfg = Release|Any CPU
		{A84F6333-437A-4357-90E8-2AD4E4305E1B}.Release|iPhoneSimulator.Build.0 = Release|Any CPU
		{A84F6333-437A-4357-90E8-2AD4E4305E1B}.Release|x64.ActiveCfg = Release|Any CPU
		{A84F6333-437A-4357-90E8-2AD4E4305E1B}.Release|x64.Build.0 = Release|Any CPU
		{A84F6333-437A-4357-90E8-2AD4E4305E1B}.Release|x86.ActiveCfg = Release|Any CPU
		{A84F6333-437A-4357-90E8-2AD4E4305E1B}.Release|x86.Build.0 = Release|Any CPU
		{964B8E44-6586-4102-B773-52182641F898}.Ad-Hoc|Any CPU.ActiveCfg = Debug|Any CPU
		{964B8E44-6586-4102-B773-52182641F898}.Ad-Hoc|Any CPU.Build.0 = Debug|Any CPU
		{964B8E44-6586-4102-B773-52182641F898}.Ad-Hoc|ARM.ActiveCfg = Debug|Any CPU
		{964B8E44-6586-4102-B773-52182641F898}.Ad-Hoc|ARM.Build.0 = Debug|Any CPU
		{964B8E44-6586-4102-B773-52182641F898}.Ad-Hoc|iPhone.ActiveCfg = Debug|Any CPU
		{964B8E44-6586-4102-B773-52182641F898}.Ad-Hoc|iPhone.Build.0 = Debug|Any CPU
		{964B8E44-6586-4102-B773-52182641F898}.Ad-Hoc|iPhoneSimulator.ActiveCfg = Debug|Any CPU
		{964B8E44-6586-4102-B773-52182641F898}.Ad-Hoc|iPhoneSimulator.Build.0 = Debug|Any CPU
		{964B8E44-6586-4102-B773-52182641F898}.Ad-Hoc|x64.ActiveCfg = Debug|Any CPU
		{964B8E44-6586-4102-B773-52182641F898}.Ad-Hoc|x64.Build.0 = Debug|Any CPU
		{964B8E44-6586-4102-B773-52182641F898}.Ad-Hoc|x86.ActiveCfg = Debug|Any CPU
		{964B8E44-6586-4102-B773-52182641F898}.Ad-Hoc|x86.Build.0 = Debug|Any CPU
		{964B8E44-6586-4102-B773-52182641F898}.AppStore|Any CPU.ActiveCfg = Debug|Any CPU
		{964B8E44-6586-4102-B773-52182641F898}.AppStore|Any CPU.Build.0 = Debug|Any CPU
		{964B8E44-6586-4102-B773-52182641F898}.AppStore|ARM.ActiveCfg = Debug|Any CPU
		{964B8E44-6586-4102-B773-52182641F898}.AppStore|ARM.Build.0 = Debug|Any CPU
		{964B8E44-6586-4102-B773-52182641F898}.AppStore|iPhone.ActiveCfg = Debug|Any CPU
		{964B8E44-6586-4102-B773-52182641F898}.AppStore|iPhone.Build.0 = Debug|Any CPU
		{964B8E44-6586-4102-B773-52182641F898}.AppStore|iPhoneSimulator.ActiveCfg = Debug|Any CPU
		{964B8E44-6586-4102-B773-52182641F898}.AppStore|iPhoneSimulator.Build.0 = Debug|Any CPU
		{964B8E44-6586-4102-B773-52182641F898}.AppStore|x64.ActiveCfg = Debug|Any CPU
		{964B8E44-6586-4102-B773-52182641F898}.AppStore|x64.Build.0 = Debug|Any CPU
		{964B8E44-6586-4102-B773-52182641F898}.AppStore|x86.ActiveCfg = Debug|Any CPU
		{964B8E44-6586-4102-B773-52182641F898}.AppStore|x86.Build.0 = Debug|Any CPU
		{964B8E44-6586-4102-B773-52182641F898}.Debug|Any CPU.ActiveCfg = Debug|Any CPU
		{964B8E44-6586-4102-B773-52182641F898}.Debug|Any CPU.Build.0 = Debug|Any CPU
		{964B8E44-6586-4102-B773-52182641F898}.Debug|ARM.ActiveCfg = Debug|Any CPU
		{964B8E44-6586-4102-B773-52182641F898}.Debug|ARM.Build.0 = Debug|Any CPU
		{964B8E44-6586-4102-B773-52182641F898}.Debug|iPhone.ActiveCfg = Debug|Any CPU
		{964B8E44-6586-4102-B773-52182641F898}.Debug|iPhone.Build.0 = Debug|Any CPU
		{964B8E44-6586-4102-B773-52182641F898}.Debug|iPhoneSimulator.ActiveCfg = Debug|Any CPU
		{964B8E44-6586-4102-B773-52182641F898}.Debug|iPhoneSimulator.Build.0 = Debug|Any CPU
		{964B8E44-6586-4102-B773-52182641F898}.Debug|x64.ActiveCfg = Debug|Any CPU
		{964B8E44-6586-4102-B773-52182641F898}.Debug|x64.Build.0 = Debug|Any CPU
		{964B8E44-6586-4102-B773-52182641F898}.Debug|x86.ActiveCfg = Debug|Any CPU
		{964B8E44-6586-4102-B773-52182641F898}.Debug|x86.Build.0 = Debug|Any CPU
		{964B8E44-6586-4102-B773-52182641F898}.Release|Any CPU.ActiveCfg = Release|Any CPU
		{964B8E44-6586-4102-B773-52182641F898}.Release|Any CPU.Build.0 = Release|Any CPU
		{964B8E44-6586-4102-B773-52182641F898}.Release|ARM.ActiveCfg = Release|Any CPU
		{964B8E44-6586-4102-B773-52182641F898}.Release|ARM.Build.0 = Release|Any CPU
		{964B8E44-6586-4102-B773-52182641F898}.Release|iPhone.ActiveCfg = Release|Any CPU
		{964B8E44-6586-4102-B773-52182641F898}.Release|iPhone.Build.0 = Release|Any CPU
		{964B8E44-6586-4102-B773-52182641F898}.Release|iPhoneSimulator.ActiveCfg = Release|Any CPU
		{964B8E44-6586-4102-B773-52182641F898}.Release|iPhoneSimulator.Build.0 = Release|Any CPU
		{964B8E44-6586-4102-B773-52182641F898}.Release|x64.ActiveCfg = Release|Any CPU
		{964B8E44-6586-4102-B773-52182641F898}.Release|x64.Build.0 = Release|Any CPU
		{964B8E44-6586-4102-B773-52182641F898}.Release|x86.ActiveCfg = Release|Any CPU
		{964B8E44-6586-4102-B773-52182641F898}.Release|x86.Build.0 = Release|Any CPU
		{0B8DD4A0-6059-4956-A3AC-593216E85A24}.Ad-Hoc|Any CPU.ActiveCfg = Debug|Any CPU
		{0B8DD4A0-6059-4956-A3AC-593216E85A24}.Ad-Hoc|Any CPU.Build.0 = Debug|Any CPU
		{0B8DD4A0-6059-4956-A3AC-593216E85A24}.Ad-Hoc|ARM.ActiveCfg = Debug|Any CPU
		{0B8DD4A0-6059-4956-A3AC-593216E85A24}.Ad-Hoc|ARM.Build.0 = Debug|Any CPU
		{0B8DD4A0-6059-4956-A3AC-593216E85A24}.Ad-Hoc|iPhone.ActiveCfg = Debug|Any CPU
		{0B8DD4A0-6059-4956-A3AC-593216E85A24}.Ad-Hoc|iPhone.Build.0 = Debug|Any CPU
		{0B8DD4A0-6059-4956-A3AC-593216E85A24}.Ad-Hoc|iPhoneSimulator.ActiveCfg = Debug|Any CPU
		{0B8DD4A0-6059-4956-A3AC-593216E85A24}.Ad-Hoc|iPhoneSimulator.Build.0 = Debug|Any CPU
		{0B8DD4A0-6059-4956-A3AC-593216E85A24}.Ad-Hoc|x64.ActiveCfg = Debug|Any CPU
		{0B8DD4A0-6059-4956-A3AC-593216E85A24}.Ad-Hoc|x64.Build.0 = Debug|Any CPU
		{0B8DD4A0-6059-4956-A3AC-593216E85A24}.Ad-Hoc|x86.ActiveCfg = Debug|Any CPU
		{0B8DD4A0-6059-4956-A3AC-593216E85A24}.Ad-Hoc|x86.Build.0 = Debug|Any CPU
		{0B8DD4A0-6059-4956-A3AC-593216E85A24}.AppStore|Any CPU.ActiveCfg = Debug|Any CPU
		{0B8DD4A0-6059-4956-A3AC-593216E85A24}.AppStore|Any CPU.Build.0 = Debug|Any CPU
		{0B8DD4A0-6059-4956-A3AC-593216E85A24}.AppStore|ARM.ActiveCfg = Debug|Any CPU
		{0B8DD4A0-6059-4956-A3AC-593216E85A24}.AppStore|ARM.Build.0 = Debug|Any CPU
		{0B8DD4A0-6059-4956-A3AC-593216E85A24}.AppStore|iPhone.ActiveCfg = Debug|Any CPU
		{0B8DD4A0-6059-4956-A3AC-593216E85A24}.AppStore|iPhone.Build.0 = Debug|Any CPU
		{0B8DD4A0-6059-4956-A3AC-593216E85A24}.AppStore|iPhoneSimulator.ActiveCfg = Debug|Any CPU
		{0B8DD4A0-6059-4956-A3AC-593216E85A24}.AppStore|iPhoneSimulator.Build.0 = Debug|Any CPU
		{0B8DD4A0-6059-4956-A3AC-593216E85A24}.AppStore|x64.ActiveCfg = Debug|Any CPU
		{0B8DD4A0-6059-4956-A3AC-593216E85A24}.AppStore|x64.Build.0 = Debug|Any CPU
		{0B8DD4A0-6059-4956-A3AC-593216E85A24}.AppStore|x86.ActiveCfg = Debug|Any CPU
		{0B8DD4A0-6059-4956-A3AC-593216E85A24}.AppStore|x86.Build.0 = Debug|Any CPU
		{0B8DD4A0-6059-4956-A3AC-593216E85A24}.Debug|Any CPU.ActiveCfg = Debug|Any CPU
		{0B8DD4A0-6059-4956-A3AC-593216E85A24}.Debug|Any CPU.Build.0 = Debug|Any CPU
		{0B8DD4A0-6059-4956-A3AC-593216E85A24}.Debug|ARM.ActiveCfg = Debug|Any CPU
		{0B8DD4A0-6059-4956-A3AC-593216E85A24}.Debug|ARM.Build.0 = Debug|Any CPU
		{0B8DD4A0-6059-4956-A3AC-593216E85A24}.Debug|iPhone.ActiveCfg = Debug|Any CPU
		{0B8DD4A0-6059-4956-A3AC-593216E85A24}.Debug|iPhone.Build.0 = Debug|Any CPU
		{0B8DD4A0-6059-4956-A3AC-593216E85A24}.Debug|iPhoneSimulator.ActiveCfg = Debug|Any CPU
		{0B8DD4A0-6059-4956-A3AC-593216E85A24}.Debug|iPhoneSimulator.Build.0 = Debug|Any CPU
		{0B8DD4A0-6059-4956-A3AC-593216E85A24}.Debug|x64.ActiveCfg = Debug|Any CPU
		{0B8DD4A0-6059-4956-A3AC-593216E85A24}.Debug|x64.Build.0 = Debug|Any CPU
		{0B8DD4A0-6059-4956-A3AC-593216E85A24}.Debug|x86.ActiveCfg = Debug|Any CPU
		{0B8DD4A0-6059-4956-A3AC-593216E85A24}.Debug|x86.Build.0 = Debug|Any CPU
		{0B8DD4A0-6059-4956-A3AC-593216E85A24}.Release|Any CPU.ActiveCfg = Release|Any CPU
		{0B8DD4A0-6059-4956-A3AC-593216E85A24}.Release|Any CPU.Build.0 = Release|Any CPU
		{0B8DD4A0-6059-4956-A3AC-593216E85A24}.Release|ARM.ActiveCfg = Release|Any CPU
		{0B8DD4A0-6059-4956-A3AC-593216E85A24}.Release|ARM.Build.0 = Release|Any CPU
		{0B8DD4A0-6059-4956-A3AC-593216E85A24}.Release|iPhone.ActiveCfg = Release|Any CPU
		{0B8DD4A0-6059-4956-A3AC-593216E85A24}.Release|iPhone.Build.0 = Release|Any CPU
		{0B8DD4A0-6059-4956-A3AC-593216E85A24}.Release|iPhoneSimulator.ActiveCfg = Release|Any CPU
		{0B8DD4A0-6059-4956-A3AC-593216E85A24}.Release|iPhoneSimulator.Build.0 = Release|Any CPU
		{0B8DD4A0-6059-4956-A3AC-593216E85A24}.Release|x64.ActiveCfg = Release|Any CPU
		{0B8DD4A0-6059-4956-A3AC-593216E85A24}.Release|x64.Build.0 = Release|Any CPU
		{0B8DD4A0-6059-4956-A3AC-593216E85A24}.Release|x86.ActiveCfg = Release|Any CPU
		{0B8DD4A0-6059-4956-A3AC-593216E85A24}.Release|x86.Build.0 = Release|Any CPU
	EndGlobalSection
	GlobalSection(SolutionProperties) = preSolution
		HideSolutionNode = FALSE
	EndGlobalSection
	GlobalSection(ExtensibilityGlobals) = postSolution
		SolutionGuid = {CE74573E-80AA-4509-BBD8-DEC76936649D}
	EndGlobalSection
EndGlobal
