
Microsoft Visual Studio Solution File, Format Version 12.00
# Visual Studio 15
VisualStudioVersion = 15.0.27004.2009
MinimumVisualStudioVersion = 10.0.40219.1
Project("{FAE04EC0-301F-11D3-BF4B-00C04F79EFBC}") = "DietAndFitness.Android", "DietAndFitness\DietAndFitness.Android\DietAndFitness.Android.csproj", "{2DD0B6C4-4B9E-4FD6-886D-C575F91D6F97}"
EndProject
Project("{FAE04EC0-301F-11D3-BF4B-00C04F79EFBC}") = "DietAndFitness", "DietAndFitness\DietAndFitness\DietAndFitness.csproj", "{37132D97-1F9F-4318-9EC4-9A2C97B8B569}"
EndProject
Project("{FAE04EC0-301F-11D3-BF4B-00C04F79EFBC}") = "DietAndFitness.UWP", "DietAndFitness\DietAndFitness.UWP\DietAndFitness.UWP.csproj", "{FBD7DC78-6A0D-4B2E-A821-149AE7487907}"
EndProject
Project("{FAE04EC0-301F-11D3-BF4B-00C04F79EFBC}") = "DietAndFitness.iOS", "DietAndFitness\DietAndFitness.iOS\DietAndFitness.iOS.csproj", "{0EA1A634-0FE0-4C06-A7E0-B1832FA1B405}"
EndProject
Global
	GlobalSection(SolutionConfigurationPlatforms) = preSolution
		Ad-Hoc|Any CPU = Ad-Hoc|Any CPU
		Ad-Hoc|ARM = Ad-Hoc|ARM
		Ad-Hoc|iPhone = Ad-Hoc|iPhone
		Ad-Hoc|iPhoneSimulator = Ad-Hoc|iPhoneSimulator
		Ad-Hoc|x64 = Ad-Hoc|x64
		Ad-Hoc|x86 = Ad-Hoc|x86
		AppStore|Any CPU = AppStore|Any CPU
		AppStore|ARM = AppStore|ARM
		AppStore|iPhone = AppStore|iPhone
		AppStore|iPhoneSimulator = AppStore|iPhoneSimulator
		AppStore|x64 = AppStore|x64
		AppStore|x86 = AppStore|x86
		Debug|Any CPU = Debug|Any CPU
		Debug|ARM = Debug|ARM
		Debug|iPhone = Debug|iPhone
		Debug|iPhoneSimulator = Debug|iPhoneSimulator
		Debug|x64 = Debug|x64
		Debug|x86 = Debug|x86
		Release|Any CPU = Release|Any CPU
		Release|ARM = Release|ARM
		Release|iPhone = Release|iPhone
		Release|iPhoneSimulator = Release|iPhoneSimulator
		Release|x64 = Release|x64
		Release|x86 = Release|x86
	EndGlobalSection
	GlobalSection(ProjectConfigurationPlatforms) = postSolution
		{2DD0B6C4-4B9E-4FD6-886D-C575F91D6F97}.Ad-Hoc|Any CPU.ActiveCfg = Release|Any CPU
		{2DD0B6C4-4B9E-4FD6-886D-C575F91D6F97}.Ad-Hoc|Any CPU.Build.0 = Release|Any CPU
		{2DD0B6C4-4B9E-4FD6-886D-C575F91D6F97}.Ad-Hoc|Any CPU.Deploy.0 = Release|Any CPU
		{2DD0B6C4-4B9E-4FD6-886D-C575F91D6F97}.Ad-Hoc|ARM.ActiveCfg = Release|Any CPU
		{2DD0B6C4-4B9E-4FD6-886D-C575F91D6F97}.Ad-Hoc|ARM.Build.0 = Release|Any CPU
		{2DD0B6C4-4B9E-4FD6-886D-C575F91D6F97}.Ad-Hoc|ARM.Deploy.0 = Release|Any CPU
		{2DD0B6C4-4B9E-4FD6-886D-C575F91D6F97}.Ad-Hoc|iPhone.ActiveCfg = Release|Any CPU
		{2DD0B6C4-4B9E-4FD6-886D-C575F91D6F97}.Ad-Hoc|iPhone.Build.0 = Release|Any CPU
		{2DD0B6C4-4B9E-4FD6-886D-C575F91D6F97}.Ad-Hoc|iPhone.Deploy.0 = Release|Any CPU
		{2DD0B6C4-4B9E-4FD6-886D-C575F91D6F97}.Ad-Hoc|iPhoneSimulator.ActiveCfg = Release|Any CPU
		{2DD0B6C4-4B9E-4FD6-886D-C575F91D6F97}.Ad-Hoc|iPhoneSimulator.Build.0 = Release|Any CPU
		{2DD0B6C4-4B9E-4FD6-886D-C575F91D6F97}.Ad-Hoc|iPhoneSimulator.Deploy.0 = Release|Any CPU
		{2DD0B6C4-4B9E-4FD6-886D-C575F91D6F97}.Ad-Hoc|x64.ActiveCfg = Release|Any CPU
		{2DD0B6C4-4B9E-4FD6-886D-C575F91D6F97}.Ad-Hoc|x64.Build.0 = Release|Any CPU
		{2DD0B6C4-4B9E-4FD6-886D-C575F91D6F97}.Ad-Hoc|x64.Deploy.0 = Release|Any CPU
		{2DD0B6C4-4B9E-4FD6-886D-C575F91D6F97}.Ad-Hoc|x86.ActiveCfg = Release|Any CPU
		{2DD0B6C4-4B9E-4FD6-886D-C575F91D6F97}.Ad-Hoc|x86.Build.0 = Release|Any CPU
		{2DD0B6C4-4B9E-4FD6-886D-C575F91D6F97}.Ad-Hoc|x86.Deploy.0 = Release|Any CPU
		{2DD0B6C4-4B9E-4FD6-886D-C575F91D6F97}.AppStore|Any CPU.ActiveCfg = Release|Any CPU
		{2DD0B6C4-4B9E-4FD6-886D-C575F91D6F97}.AppStore|Any CPU.Build.0 = Release|Any CPU
		{2DD0B6C4-4B9E-4FD6-886D-C575F91D6F97}.AppStore|Any CPU.Deploy.0 = Release|Any CPU
		{2DD0B6C4-4B9E-4FD6-886D-C575F91D6F97}.AppStore|ARM.ActiveCfg = Release|Any CPU
		{2DD0B6C4-4B9E-4FD6-886D-C575F91D6F97}.AppStore|ARM.Build.0 = Release|Any CPU
		{2DD0B6C4-4B9E-4FD6-886D-C575F91D6F97}.AppStore|ARM.Deploy.0 = Release|Any CPU
		{2DD0B6C4-4B9E-4FD6-886D-C575F91D6F97}.AppStore|iPhone.ActiveCfg = Release|Any CPU
		{2DD0B6C4-4B9E-4FD6-886D-C575F91D6F97}.AppStore|iPhone.Build.0 = Release|Any CPU
		{2DD0B6C4-4B9E-4FD6-886D-C575F91D6F97}.AppStore|iPhone.Deploy.0 = Release|Any CPU
		{2DD0B6C4-4B9E-4FD6-886D-C575F91D6F97}.AppStore|iPhoneSimulator.ActiveCfg = Release|Any CPU
		{2DD0B6C4-4B9E-4FD6-886D-C575F91D6F97}.AppStore|iPhoneSimulator.Build.0 = Release|Any CPU
		{2DD0B6C4-4B9E-4FD6-886D-C575F91D6F97}.AppStore|iPhoneSimulator.Deploy.0 = Release|Any CPU
		{2DD0B6C4-4B9E-4FD6-886D-C575F91D6F97}.AppStore|x64.ActiveCfg = Release|Any CPU
		{2DD0B6C4-4B9E-4FD6-886D-C575F91D6F97}.AppStore|x64.Build.0 = Release|Any CPU
		{2DD0B6C4-4B9E-4FD6-886D-C575F91D6F97}.AppStore|x64.Deploy.0 = Release|Any CPU
		{2DD0B6C4-4B9E-4FD6-886D-C575F91D6F97}.AppStore|x86.ActiveCfg = Release|Any CPU
		{2DD0B6C4-4B9E-4FD6-886D-C575F91D6F97}.AppStore|x86.Build.0 = Release|Any CPU
		{2DD0B6C4-4B9E-4FD6-886D-C575F91D6F97}.AppStore|x86.Deploy.0 = Release|Any CPU
		{2DD0B6C4-4B9E-4FD6-886D-C575F91D6F97}.Debug|Any CPU.ActiveCfg = Debug|Any CPU
		{2DD0B6C4-4B9E-4FD6-886D-C575F91D6F97}.Debug|Any CPU.Build.0 = Debug|Any CPU
		{2DD0B6C4-4B9E-4FD6-886D-C575F91D6F97}.Debug|Any CPU.Deploy.0 = Debug|Any CPU
		{2DD0B6C4-4B9E-4FD6-886D-C575F91D6F97}.Debug|ARM.ActiveCfg = Debug|Any CPU
		{2DD0B6C4-4B9E-4FD6-886D-C575F91D6F97}.Debug|ARM.Build.0 = Debug|Any CPU
		{2DD0B6C4-4B9E-4FD6-886D-C575F91D6F97}.Debug|ARM.Deploy.0 = Debug|Any CPU
		{2DD0B6C4-4B9E-4FD6-886D-C575F91D6F97}.Debug|iPhone.ActiveCfg = Debug|Any CPU
		{2DD0B6C4-4B9E-4FD6-886D-C575F91D6F97}.Debug|iPhone.Build.0 = Debug|Any CPU
		{2DD0B6C4-4B9E-4FD6-886D-C575F91D6F97}.Debug|iPhone.Deploy.0 = Debug|Any CPU
		{2DD0B6C4-4B9E-4FD6-886D-C575F91D6F97}.Debug|iPhoneSimulator.ActiveCfg = Debug|Any CPU
		{2DD0B6C4-4B9E-4FD6-886D-C575F91D6F97}.Debug|iPhoneSimulator.Build.0 = Debug|Any CPU
		{2DD0B6C4-4B9E-4FD6-886D-C575F91D6F97}.Debug|iPhoneSimulator.Deploy.0 = Debug|Any CPU
		{2DD0B6C4-4B9E-4FD6-886D-C575F91D6F97}.Debug|x64.ActiveCfg = Debug|Any CPU
		{2DD0B6C4-4B9E-4FD6-886D-C575F91D6F97}.Debug|x64.Build.0 = Debug|Any CPU
		{2DD0B6C4-4B9E-4FD6-886D-C575F91D6F97}.Debug|x64.Deploy.0 = Debug|Any CPU
		{2DD0B6C4-4B9E-4FD6-886D-C575F91D6F97}.Debug|x86.ActiveCfg = Debug|Any CPU
		{2DD0B6C4-4B9E-4FD6-886D-C575F91D6F97}.Debug|x86.Build.0 = Debug|Any CPU
		{2DD0B6C4-4B9E-4FD6-886D-C575F91D6F97}.Debug|x86.Deploy.0 = Debug|Any CPU
		{2DD0B6C4-4B9E-4FD6-886D-C575F91D6F97}.Release|Any CPU.ActiveCfg = Release|Any CPU
		{2DD0B6C4-4B9E-4FD6-886D-C575F91D6F97}.Release|Any CPU.Build.0 = Release|Any CPU
		{2DD0B6C4-4B9E-4FD6-886D-C575F91D6F97}.Release|Any CPU.Deploy.0 = Release|Any CPU
		{2DD0B6C4-4B9E-4FD6-886D-C575F91D6F97}.Release|ARM.ActiveCfg = Release|Any CPU
		{2DD0B6C4-4B9E-4FD6-886D-C575F91D6F97}.Release|ARM.Build.0 = Release|Any CPU
		{2DD0B6C4-4B9E-4FD6-886D-C575F91D6F97}.Release|ARM.Deploy.0 = Release|Any CPU
		{2DD0B6C4-4B9E-4FD6-886D-C575F91D6F97}.Release|iPhone.ActiveCfg = Release|Any CPU
		{2DD0B6C4-4B9E-4FD6-886D-C575F91D6F97}.Release|iPhone.Build.0 = Release|Any CPU
		{2DD0B6C4-4B9E-4FD6-886D-C575F91D6F97}.Release|iPhone.Deploy.0 = Release|Any CPU
		{2DD0B6C4-4B9E-4FD6-886D-C575F91D6F97}.Release|iPhoneSimulator.ActiveCfg = Release|Any CPU
		{2DD0B6C4-4B9E-4FD6-886D-C575F91D6F97}.Release|iPhoneSimulator.Build.0 = Release|Any CPU
		{2DD0B6C4-4B9E-4FD6-886D-C575F91D6F97}.Release|iPhoneSimulator.Deploy.0 = Release|Any CPU
		{2DD0B6C4-4B9E-4FD6-886D-C575F91D6F97}.Release|x64.ActiveCfg = Release|Any CPU
		{2DD0B6C4-4B9E-4FD6-886D-C575F91D6F97}.Release|x64.Build.0 = Release|Any CPU
		{2DD0B6C4-4B9E-4FD6-886D-C575F91D6F97}.Release|x64.Deploy.0 = Release|Any CPU
		{2DD0B6C4-4B9E-4FD6-886D-C575F91D6F97}.Release|x86.ActiveCfg = Release|Any CPU
		{2DD0B6C4-4B9E-4FD6-886D-C575F91D6F97}.Release|x86.Build.0 = Release|Any CPU
		{2DD0B6C4-4B9E-4FD6-886D-C575F91D6F97}.Release|x86.Deploy.0 = Release|Any CPU
		{37132D97-1F9F-4318-9EC4-9A2C97B8B569}.Ad-Hoc|Any CPU.ActiveCfg = Release|Any CPU
		{37132D97-1F9F-4318-9EC4-9A2C97B8B569}.Ad-Hoc|Any CPU.Build.0 = Release|Any CPU
		{37132D97-1F9F-4318-9EC4-9A2C97B8B569}.Ad-Hoc|ARM.ActiveCfg = Release|Any CPU
		{37132D97-1F9F-4318-9EC4-9A2C97B8B569}.Ad-Hoc|ARM.Build.0 = Release|Any CPU
		{37132D97-1F9F-4318-9EC4-9A2C97B8B569}.Ad-Hoc|iPhone.ActiveCfg = Release|Any CPU
		{37132D97-1F9F-4318-9EC4-9A2C97B8B569}.Ad-Hoc|iPhone.Build.0 = Release|Any CPU
		{37132D97-1F9F-4318-9EC4-9A2C97B8B569}.Ad-Hoc|iPhoneSimulator.ActiveCfg = Release|Any CPU
		{37132D97-1F9F-4318-9EC4-9A2C97B8B569}.Ad-Hoc|iPhoneSimulator.Build.0 = Release|Any CPU
		{37132D97-1F9F-4318-9EC4-9A2C97B8B569}.Ad-Hoc|x64.ActiveCfg = Release|Any CPU
		{37132D97-1F9F-4318-9EC4-9A2C97B8B569}.Ad-Hoc|x64.Build.0 = Release|Any CPU
		{37132D97-1F9F-4318-9EC4-9A2C97B8B569}.Ad-Hoc|x86.ActiveCfg = Release|Any CPU
		{37132D97-1F9F-4318-9EC4-9A2C97B8B569}.Ad-Hoc|x86.Build.0 = Release|Any CPU
		{37132D97-1F9F-4318-9EC4-9A2C97B8B569}.AppStore|Any CPU.ActiveCfg = Release|Any CPU
		{37132D97-1F9F-4318-9EC4-9A2C97B8B569}.AppStore|Any CPU.Build.0 = Release|Any CPU
		{37132D97-1F9F-4318-9EC4-9A2C97B8B569}.AppStore|ARM.ActiveCfg = Release|Any CPU
		{37132D97-1F9F-4318-9EC4-9A2C97B8B569}.AppStore|ARM.Build.0 = Release|Any CPU
		{37132D97-1F9F-4318-9EC4-9A2C97B8B569}.AppStore|iPhone.ActiveCfg = Release|Any CPU
		{37132D97-1F9F-4318-9EC4-9A2C97B8B569}.AppStore|iPhone.Build.0 = Release|Any CPU
		{37132D97-1F9F-4318-9EC4-9A2C97B8B569}.AppStore|iPhoneSimulator.ActiveCfg = Release|Any CPU
		{37132D97-1F9F-4318-9EC4-9A2C97B8B569}.AppStore|iPhoneSimulator.Build.0 = Release|Any CPU
		{37132D97-1F9F-4318-9EC4-9A2C97B8B569}.AppStore|x64.ActiveCfg = Release|Any CPU
		{37132D97-1F9F-4318-9EC4-9A2C97B8B569}.AppStore|x64.Build.0 = Release|Any CPU
		{37132D97-1F9F-4318-9EC4-9A2C97B8B569}.AppStore|x86.ActiveCfg = Release|Any CPU
		{37132D97-1F9F-4318-9EC4-9A2C97B8B569}.AppStore|x86.Build.0 = Release|Any CPU
		{37132D97-1F9F-4318-9EC4-9A2C97B8B569}.Debug|Any CPU.ActiveCfg = Debug|Any CPU
		{37132D97-1F9F-4318-9EC4-9A2C97B8B569}.Debug|Any CPU.Build.0 = Debug|Any CPU
		{37132D97-1F9F-4318-9EC4-9A2C97B8B569}.Debug|ARM.ActiveCfg = Debug|Any CPU
		{37132D97-1F9F-4318-9EC4-9A2C97B8B569}.Debug|ARM.Build.0 = Debug|Any CPU
		{37132D97-1F9F-4318-9EC4-9A2C97B8B569}.Debug|iPhone.ActiveCfg = Debug|Any CPU
		{37132D97-1F9F-4318-9EC4-9A2C97B8B569}.Debug|iPhone.Build.0 = Debug|Any CPU
		{37132D97-1F9F-4318-9EC4-9A2C97B8B569}.Debug|iPhoneSimulator.ActiveCfg = Debug|Any CPU
		{37132D97-1F9F-4318-9EC4-9A2C97B8B569}.Debug|iPhoneSimulator.Build.0 = Debug|Any CPU
		{37132D97-1F9F-4318-9EC4-9A2C97B8B569}.Debug|x64.ActiveCfg = Debug|Any CPU
		{37132D97-1F9F-4318-9EC4-9A2C97B8B569}.Debug|x64.Build.0 = Debug|Any CPU
		{37132D97-1F9F-4318-9EC4-9A2C97B8B569}.Debug|x86.ActiveCfg = Debug|Any CPU
		{37132D97-1F9F-4318-9EC4-9A2C97B8B569}.Debug|x86.Build.0 = Debug|Any CPU
		{37132D97-1F9F-4318-9EC4-9A2C97B8B569}.Release|Any CPU.ActiveCfg = Release|Any CPU
		{37132D97-1F9F-4318-9EC4-9A2C97B8B569}.Release|Any CPU.Build.0 = Release|Any CPU
		{37132D97-1F9F-4318-9EC4-9A2C97B8B569}.Release|ARM.ActiveCfg = Release|Any CPU
		{37132D97-1F9F-4318-9EC4-9A2C97B8B569}.Release|ARM.Build.0 = Release|Any CPU
		{37132D97-1F9F-4318-9EC4-9A2C97B8B569}.Release|iPhone.ActiveCfg = Release|Any CPU
		{37132D97-1F9F-4318-9EC4-9A2C97B8B569}.Release|iPhone.Build.0 = Release|Any CPU
		{37132D97-1F9F-4318-9EC4-9A2C97B8B569}.Release|iPhoneSimulator.ActiveCfg = Release|Any CPU
		{37132D97-1F9F-4318-9EC4-9A2C97B8B569}.Release|iPhoneSimulator.Build.0 = Release|Any CPU
		{37132D97-1F9F-4318-9EC4-9A2C97B8B569}.Release|x64.ActiveCfg = Release|Any CPU
		{37132D97-1F9F-4318-9EC4-9A2C97B8B569}.Release|x64.Build.0 = Release|Any CPU
		{37132D97-1F9F-4318-9EC4-9A2C97B8B569}.Release|x86.ActiveCfg = Release|Any CPU
		{37132D97-1F9F-4318-9EC4-9A2C97B8B569}.Release|x86.Build.0 = Release|Any CPU
		{FBD7DC78-6A0D-4B2E-A821-149AE7487907}.Ad-Hoc|Any CPU.ActiveCfg = Release|x86
		{FBD7DC78-6A0D-4B2E-A821-149AE7487907}.Ad-Hoc|Any CPU.Build.0 = Release|x86
		{FBD7DC78-6A0D-4B2E-A821-149AE7487907}.Ad-Hoc|Any CPU.Deploy.0 = Release|x86
		{FBD7DC78-6A0D-4B2E-A821-149AE7487907}.Ad-Hoc|ARM.ActiveCfg = Release|ARM
		{FBD7DC78-6A0D-4B2E-A821-149AE7487907}.Ad-Hoc|ARM.Build.0 = Release|ARM
		{FBD7DC78-6A0D-4B2E-A821-149AE7487907}.Ad-Hoc|ARM.Deploy.0 = Release|ARM
		{FBD7DC78-6A0D-4B2E-A821-149AE7487907}.Ad-Hoc|iPhone.ActiveCfg = Release|x86
		{FBD7DC78-6A0D-4B2E-A821-149AE7487907}.Ad-Hoc|iPhone.Build.0 = Release|x86
		{FBD7DC78-6A0D-4B2E-A821-149AE7487907}.Ad-Hoc|iPhone.Deploy.0 = Release|x86
		{FBD7DC78-6A0D-4B2E-A821-149AE7487907}.Ad-Hoc|iPhoneSimulator.ActiveCfg = Release|x86
		{FBD7DC78-6A0D-4B2E-A821-149AE7487907}.Ad-Hoc|iPhoneSimulator.Build.0 = Release|x86
		{FBD7DC78-6A0D-4B2E-A821-149AE7487907}.Ad-Hoc|iPhoneSimulator.Deploy.0 = Release|x86
		{FBD7DC78-6A0D-4B2E-A821-149AE7487907}.Ad-Hoc|x64.ActiveCfg = Release|x64
		{FBD7DC78-6A0D-4B2E-A821-149AE7487907}.Ad-Hoc|x64.Build.0 = Release|x64
		{FBD7DC78-6A0D-4B2E-A821-149AE7487907}.Ad-Hoc|x64.Deploy.0 = Release|x64
		{FBD7DC78-6A0D-4B2E-A821-149AE7487907}.Ad-Hoc|x86.ActiveCfg = Release|x86
		{FBD7DC78-6A0D-4B2E-A821-149AE7487907}.Ad-Hoc|x86.Build.0 = Release|x86
		{FBD7DC78-6A0D-4B2E-A821-149AE7487907}.Ad-Hoc|x86.Deploy.0 = Release|x86
		{FBD7DC78-6A0D-4B2E-A821-149AE7487907}.AppStore|Any CPU.ActiveCfg = Release|x86
		{FBD7DC78-6A0D-4B2E-A821-149AE7487907}.AppStore|Any CPU.Build.0 = Release|x86
		{FBD7DC78-6A0D-4B2E-A821-149AE7487907}.AppStore|Any CPU.Deploy.0 = Release|x86
		{FBD7DC78-6A0D-4B2E-A821-149AE7487907}.AppStore|ARM.ActiveCfg = Release|ARM
		{FBD7DC78-6A0D-4B2E-A821-149AE7487907}.AppStore|ARM.Build.0 = Release|ARM
		{FBD7DC78-6A0D-4B2E-A821-149AE7487907}.AppStore|ARM.Deploy.0 = Release|ARM
		{FBD7DC78-6A0D-4B2E-A821-149AE7487907}.AppStore|iPhone.ActiveCfg = Release|x86
		{FBD7DC78-6A0D-4B2E-A821-149AE7487907}.AppStore|iPhone.Build.0 = Release|x86
		{FBD7DC78-6A0D-4B2E-A821-149AE7487907}.AppStore|iPhone.Deploy.0 = Release|x86
		{FBD7DC78-6A0D-4B2E-A821-149AE7487907}.AppStore|iPhoneSimulator.ActiveCfg = Release|x86
		{FBD7DC78-6A0D-4B2E-A821-149AE7487907}.AppStore|iPhoneSimulator.Build.0 = Release|x86
		{FBD7DC78-6A0D-4B2E-A821-149AE7487907}.AppStore|iPhoneSimulator.Deploy.0 = Release|x86
		{FBD7DC78-6A0D-4B2E-A821-149AE7487907}.AppStore|x64.ActiveCfg = Release|x64
		{FBD7DC78-6A0D-4B2E-A821-149AE7487907}.AppStore|x64.Build.0 = Release|x64
		{FBD7DC78-6A0D-4B2E-A821-149AE7487907}.AppStore|x64.Deploy.0 = Release|x64
		{FBD7DC78-6A0D-4B2E-A821-149AE7487907}.AppStore|x86.ActiveCfg = Release|x86
		{FBD7DC78-6A0D-4B2E-A821-149AE7487907}.AppStore|x86.Build.0 = Release|x86
		{FBD7DC78-6A0D-4B2E-A821-149AE7487907}.AppStore|x86.Deploy.0 = Release|x86
		{FBD7DC78-6A0D-4B2E-A821-149AE7487907}.Debug|Any CPU.ActiveCfg = Debug|x86
		{FBD7DC78-6A0D-4B2E-A821-149AE7487907}.Debug|Any CPU.Build.0 = Debug|x86
		{FBD7DC78-6A0D-4B2E-A821-149AE7487907}.Debug|Any CPU.Deploy.0 = Debug|x86
		{FBD7DC78-6A0D-4B2E-A821-149AE7487907}.Debug|ARM.ActiveCfg = Debug|ARM
		{FBD7DC78-6A0D-4B2E-A821-149AE7487907}.Debug|ARM.Build.0 = Debug|ARM
		{FBD7DC78-6A0D-4B2E-A821-149AE7487907}.Debug|ARM.Deploy.0 = Debug|ARM
		{FBD7DC78-6A0D-4B2E-A821-149AE7487907}.Debug|iPhone.ActiveCfg = Debug|x86
		{FBD7DC78-6A0D-4B2E-A821-149AE7487907}.Debug|iPhoneSimulator.ActiveCfg = Debug|x86
		{FBD7DC78-6A0D-4B2E-A821-149AE7487907}.Debug|x64.ActiveCfg = Debug|x64
		{FBD7DC78-6A0D-4B2E-A821-149AE7487907}.Debug|x64.Build.0 = Debug|x64
		{FBD7DC78-6A0D-4B2E-A821-149AE7487907}.Debug|x64.Deploy.0 = Debug|x64
		{FBD7DC78-6A0D-4B2E-A821-149AE7487907}.Debug|x86.ActiveCfg = Debug|x86
		{FBD7DC78-6A0D-4B2E-A821-149AE7487907}.Debug|x86.Build.0 = Debug|x86
		{FBD7DC78-6A0D-4B2E-A821-149AE7487907}.Debug|x86.Deploy.0 = Debug|x86
		{FBD7DC78-6A0D-4B2E-A821-149AE7487907}.Release|Any CPU.ActiveCfg = Release|x86
		{FBD7DC78-6A0D-4B2E-A821-149AE7487907}.Release|Any CPU.Build.0 = Release|x86
		{FBD7DC78-6A0D-4B2E-A821-149AE7487907}.Release|Any CPU.Deploy.0 = Release|x86
		{FBD7DC78-6A0D-4B2E-A821-149AE7487907}.Release|ARM.ActiveCfg = Release|ARM
		{FBD7DC78-6A0D-4B2E-A821-149AE7487907}.Release|ARM.Build.0 = Release|ARM
		{FBD7DC78-6A0D-4B2E-A821-149AE7487907}.Release|ARM.Deploy.0 = Release|ARM
		{FBD7DC78-6A0D-4B2E-A821-149AE7487907}.Release|iPhone.ActiveCfg = Release|x86
		{FBD7DC78-6A0D-4B2E-A821-149AE7487907}.Release|iPhoneSimulator.ActiveCfg = Release|x86
		{FBD7DC78-6A0D-4B2E-A821-149AE7487907}.Release|x64.ActiveCfg = Release|x64
		{FBD7DC78-6A0D-4B2E-A821-149AE7487907}.Release|x64.Build.0 = Release|x64
		{FBD7DC78-6A0D-4B2E-A821-149AE7487907}.Release|x64.Deploy.0 = Release|x64
		{FBD7DC78-6A0D-4B2E-A821-149AE7487907}.Release|x86.ActiveCfg = Release|x86
		{FBD7DC78-6A0D-4B2E-A821-149AE7487907}.Release|x86.Build.0 = Release|x86
		{FBD7DC78-6A0D-4B2E-A821-149AE7487907}.Release|x86.Deploy.0 = Release|x86
		{0EA1A634-0FE0-4C06-A7E0-B1832FA1B405}.Ad-Hoc|Any CPU.ActiveCfg = Ad-Hoc|iPhoneSimulator
		{0EA1A634-0FE0-4C06-A7E0-B1832FA1B405}.Ad-Hoc|ARM.ActiveCfg = Ad-Hoc|iPhone
		{0EA1A634-0FE0-4C06-A7E0-B1832FA1B405}.Ad-Hoc|iPhone.ActiveCfg = Ad-Hoc|iPhone
		{0EA1A634-0FE0-4C06-A7E0-B1832FA1B405}.Ad-Hoc|iPhone.Build.0 = Ad-Hoc|iPhone
		{0EA1A634-0FE0-4C06-A7E0-B1832FA1B405}.Ad-Hoc|iPhoneSimulator.ActiveCfg = Ad-Hoc|iPhoneSimulator
		{0EA1A634-0FE0-4C06-A7E0-B1832FA1B405}.Ad-Hoc|iPhoneSimulator.Build.0 = Ad-Hoc|iPhoneSimulator
		{0EA1A634-0FE0-4C06-A7E0-B1832FA1B405}.Ad-Hoc|x64.ActiveCfg = Ad-Hoc|iPhone
		{0EA1A634-0FE0-4C06-A7E0-B1832FA1B405}.Ad-Hoc|x86.ActiveCfg = Ad-Hoc|iPhone
		{0EA1A634-0FE0-4C06-A7E0-B1832FA1B405}.AppStore|Any CPU.ActiveCfg = AppStore|iPhoneSimulator
		{0EA1A634-0FE0-4C06-A7E0-B1832FA1B405}.AppStore|ARM.ActiveCfg = AppStore|iPhone
		{0EA1A634-0FE0-4C06-A7E0-B1832FA1B405}.AppStore|iPhone.ActiveCfg = AppStore|iPhone
		{0EA1A634-0FE0-4C06-A7E0-B1832FA1B405}.AppStore|iPhone.Build.0 = AppStore|iPhone
		{0EA1A634-0FE0-4C06-A7E0-B1832FA1B405}.AppStore|iPhoneSimulator.ActiveCfg = AppStore|iPhoneSimulator
		{0EA1A634-0FE0-4C06-A7E0-B1832FA1B405}.AppStore|iPhoneSimulator.Build.0 = AppStore|iPhoneSimulator
		{0EA1A634-0FE0-4C06-A7E0-B1832FA1B405}.AppStore|x64.ActiveCfg = AppStore|iPhone
		{0EA1A634-0FE0-4C06-A7E0-B1832FA1B405}.AppStore|x86.ActiveCfg = AppStore|iPhone
		{0EA1A634-0FE0-4C06-A7E0-B1832FA1B405}.Debug|Any CPU.ActiveCfg = Debug|iPhoneSimulator
		{0EA1A634-0FE0-4C06-A7E0-B1832FA1B405}.Debug|ARM.ActiveCfg = Debug|iPhone
		{0EA1A634-0FE0-4C06-A7E0-B1832FA1B405}.Debug|iPhone.ActiveCfg = Debug|iPhone
		{0EA1A634-0FE0-4C06-A7E0-B1832FA1B405}.Debug|iPhone.Build.0 = Debug|iPhone
		{0EA1A634-0FE0-4C06-A7E0-B1832FA1B405}.Debug|iPhoneSimulator.ActiveCfg = Debug|iPhoneSimulator
		{0EA1A634-0FE0-4C06-A7E0-B1832FA1B405}.Debug|iPhoneSimulator.Build.0 = Debug|iPhoneSimulator
		{0EA1A634-0FE0-4C06-A7E0-B1832FA1B405}.Debug|x64.ActiveCfg = Debug|iPhone
		{0EA1A634-0FE0-4C06-A7E0-B1832FA1B405}.Debug|x86.ActiveCfg = Debug|iPhone
		{0EA1A634-0FE0-4C06-A7E0-B1832FA1B405}.Release|Any CPU.ActiveCfg = Release|iPhoneSimulator
		{0EA1A634-0FE0-4C06-A7E0-B1832FA1B405}.Release|ARM.ActiveCfg = Release|iPhone
		{0EA1A634-0FE0-4C06-A7E0-B1832FA1B405}.Release|iPhone.ActiveCfg = Release|iPhone
		{0EA1A634-0FE0-4C06-A7E0-B1832FA1B405}.Release|iPhone.Build.0 = Release|iPhone
		{0EA1A634-0FE0-4C06-A7E0-B1832FA1B405}.Release|iPhoneSimulator.ActiveCfg = Release|iPhoneSimulator
		{0EA1A634-0FE0-4C06-A7E0-B1832FA1B405}.Release|iPhoneSimulator.Build.0 = Release|iPhoneSimulator
		{0EA1A634-0FE0-4C06-A7E0-B1832FA1B405}.Release|x64.ActiveCfg = Release|iPhone
		{0EA1A634-0FE0-4C06-A7E0-B1832FA1B405}.Release|x86.ActiveCfg = Release|iPhone
	EndGlobalSection
	GlobalSection(SolutionProperties) = preSolution
		HideSolutionNode = FALSE
	EndGlobalSection
	GlobalSection(ExtensibilityGlobals) = postSolution
		SolutionGuid = {FAA58E50-18BD-46DE-9179-4D65B30FAC23}
	EndGlobalSection
EndGlobal
